
Microsoft Visual Studio Solution File, Format Version 12.00
# Visual Studio Version 16
VisualStudioVersion = 16.0.29102.190
MinimumVisualStudioVersion = 10.0.40219.1
Project("{FAE04EC0-301F-11D3-BF4B-00C04F79EFBC}") = "BookListRazor", "BookListRazor\BookListRazor.csproj", "{D4C18E2D-8980-4901-927A-02B7607F3F39}"
EndProject
Global
	GlobalSection(SolutionConfigurationPlatforms) = preSolution
		Debug|Any CPU = Debug|Any CPU
		Release|Any CPU = Release|Any CPU
	EndGlobalSection
	GlobalSection(ProjectConfigurationPlatforms) = postSolution
		{D4C18E2D-8980-4901-927A-02B7607F3F39}.Debug|Any CPU.ActiveCfg = Debug|Any CPU
		{D4C18E2D-8980-4901-927A-02B7607F3F39}.Debug|Any CPU.Build.0 = Debug|Any CPU
		{D4C18E2D-8980-4901-927A-02B7607F3F39}.Release|Any CPU.ActiveCfg = Release|Any CPU
		{D4C18E2D-8980-4901-927A-02B7607F3F39}.Release|Any CPU.Build.0 = Release|Any CPU
	EndGlobalSection
	GlobalSection(SolutionProperties) = preSolution
		HideSolutionNode = FALSE
	EndGlobalSection
	GlobalSection(ExtensibilityGlobals) = postSolution
		SolutionGuid = {9034927B-B045-46D4-8DBE-8CD62DAE43C9}
	EndGlobalSection
EndGlobal
